
Microsoft Visual Studio Solution File, Format Version 12.00
Project("{FAE04EC0-301F-11D3-BF4B-00C04F79EFBC}") = "LabirintDemoGame", "LabirintDemoGame.csproj", "{56D6315C-0E10-483A-BC40-7E22AE6F758A}"
EndProject
Global
	GlobalSection(SolutionConfigurationPlatforms) = preSolution
		Debug|Any CPU = Debug|Any CPU
		Release|Any CPU = Release|Any CPU
	EndGlobalSection
	GlobalSection(ProjectConfigurationPlatforms) = postSolution
		{56D6315C-0E10-483A-BC40-7E22AE6F758A}.Debug|Any CPU.ActiveCfg = Debug|Any CPU
		{56D6315C-0E10-483A-BC40-7E22AE6F758A}.Debug|Any CPU.Build.0 = Debug|Any CPU
		{56D6315C-0E10-483A-BC40-7E22AE6F758A}.Release|Any CPU.ActiveCfg = Release|Any CPU
		{56D6315C-0E10-483A-BC40-7E22AE6F758A}.Release|Any CPU.Build.0 = Release|Any CPU
	EndGlobalSection
EndGlobal
